// !$*UTF8*$!
{
	archiveVersion = 1;
	classes = {
	};
	objectVersion = 50;
	objects = {

/* Begin PBXBuildFile section */
		5204F27825311DB800F97A6C /* SelectFilterViewController.swift in Sources */ = {isa = PBXBuildFile; fileRef = 5204F27725311DB800F97A6C /* SelectFilterViewController.swift */; };
		5204F27A25311E0800F97A6C /* SelectFilterTableViewCell.swift in Sources */ = {isa = PBXBuildFile; fileRef = 5204F27925311E0800F97A6C /* SelectFilterTableViewCell.swift */; };
		5207699B2531E35B0058874E /* MyCollectionViewController.swift in Sources */ = {isa = PBXBuildFile; fileRef = 5207699A2531E35B0058874E /* MyCollectionViewController.swift */; };
		5207699F2531E5470058874E /* MyCollectionViewCell.swift in Sources */ = {isa = PBXBuildFile; fileRef = 5207699D2531E5470058874E /* MyCollectionViewCell.swift */; };
		520769A02531E5470058874E /* MyCollectionViewCell.xib in Resources */ = {isa = PBXBuildFile; fileRef = 5207699E2531E5470058874E /* MyCollectionViewCell.xib */; };
		520769A32531EA4F0058874E /* PhotoInfo.swift in Sources */ = {isa = PBXBuildFile; fileRef = 520769A22531EA4F0058874E /* PhotoInfo.swift */; };
		522B728A2527859100F7CC69 /* AppDelegate.swift in Sources */ = {isa = PBXBuildFile; fileRef = 522B72892527859100F7CC69 /* AppDelegate.swift */; };
		522B728C2527859100F7CC69 /* SceneDelegate.swift in Sources */ = {isa = PBXBuildFile; fileRef = 522B728B2527859100F7CC69 /* SceneDelegate.swift */; };
		522B728E2527859100F7CC69 /* ImageListViewController.swift in Sources */ = {isa = PBXBuildFile; fileRef = 522B728D2527859100F7CC69 /* ImageListViewController.swift */; };
		522B72912527859100F7CC69 /* Main.storyboard in Resources */ = {isa = PBXBuildFile; fileRef = 522B728F2527859100F7CC69 /* Main.storyboard */; };
		522B72932527859500F7CC69 /* Assets.xcassets in Resources */ = {isa = PBXBuildFile; fileRef = 522B72922527859500F7CC69 /* Assets.xcassets */; };
		522B72962527859500F7CC69 /* LaunchScreen.storyboard in Resources */ = {isa = PBXBuildFile; fileRef = 522B72942527859500F7CC69 /* LaunchScreen.storyboard */; };
		522B72A825279D1E00F7CC69 /* ImageTableViewCell.swift in Sources */ = {isa = PBXBuildFile; fileRef = 522B72A625279D1E00F7CC69 /* ImageTableViewCell.swift */; };
		522B72A925279D1E00F7CC69 /* ImageTableViewCell.xib in Resources */ = {isa = PBXBuildFile; fileRef = 522B72A725279D1E00F7CC69 /* ImageTableViewCell.xib */; };
		522B72AB25279F3700F7CC69 /* Constants.swift in Sources */ = {isa = PBXBuildFile; fileRef = 522B72AA25279F3700F7CC69 /* Constants.swift */; };
		522B72AD2527A00F00F7CC69 /* PhotoDescription.swift in Sources */ = {isa = PBXBuildFile; fileRef = 522B72AC2527A00F00F7CC69 /* PhotoDescription.swift */; };
		5241CA3C2532D61600B84F9A /* PhotoSearchTableViewCell.swift in Sources */ = {isa = PBXBuildFile; fileRef = 5241CA3A2532D61600B84F9A /* PhotoSearchTableViewCell.swift */; };
		5241CA3D2532D61600B84F9A /* PhotoSearchTableViewCell.xib in Resources */ = {isa = PBXBuildFile; fileRef = 5241CA3B2532D61600B84F9A /* PhotoSearchTableViewCell.xib */; };
		5241CA402532D65300B84F9A /* PhotoListViewController.swift in Sources */ = {isa = PBXBuildFile; fileRef = 5241CA3F2532D65300B84F9A /* PhotoListViewController.swift */; };
		5241CA432532D69E00B84F9A /* PendingOperations.swift in Sources */ = {isa = PBXBuildFile; fileRef = 5241CA422532D69E00B84F9A /* PendingOperations.swift */; };
		5241CA4B2534075100B84F9A /* PhotoOperations.swift in Sources */ = {isa = PBXBuildFile; fileRef = 5241CA4A2534075100B84F9A /* PhotoOperations.swift */; };
		5241CA4F25349E5800B84F9A /* ImportData.swift in Sources */ = {isa = PBXBuildFile; fileRef = 5241CA4E25349E5800B84F9A /* ImportData.swift */; };
		5241CA512534A53E00B84F9A /* DataUrls.txt in Resources */ = {isa = PBXBuildFile; fileRef = 5241CA502534A53E00B84F9A /* DataUrls.txt */; };
		5241CA8A25351CB500B84F9A /* Helper.swift in Sources */ = {isa = PBXBuildFile; fileRef = 5241CA8925351CB500B84F9A /* Helper.swift */; };
		5241CA922536A60400B84F9A /* UIImageViewExtension.swift in Sources */ = {isa = PBXBuildFile; fileRef = 5241CA912536A60400B84F9A /* UIImageViewExtension.swift */; };
		5241CA942536A9D000B84F9A /* UIImageExtension.swift in Sources */ = {isa = PBXBuildFile; fileRef = 5241CA932536A9D000B84F9A /* UIImageExtension.swift */; };
		524CB07F252EE86100EFD4F5 /* FilterCollectionViewCell.swift in Sources */ = {isa = PBXBuildFile; fileRef = 524CB07D252EE86100EFD4F5 /* FilterCollectionViewCell.swift */; };
		524CB080252EE86100EFD4F5 /* FilterCollectionViewCell.xib in Resources */ = {isa = PBXBuildFile; fileRef = 524CB07E252EE86100EFD4F5 /* FilterCollectionViewCell.xib */; };
		524CB082252EECB500EFD4F5 /* FilterPhotoViewController.swift in Sources */ = {isa = PBXBuildFile; fileRef = 524CB081252EECB500EFD4F5 /* FilterPhotoViewController.swift */; };
		524CB085252F73FC00EFD4F5 /* FilterImage.swift in Sources */ = {isa = PBXBuildFile; fileRef = 524CB084252F73FC00EFD4F5 /* FilterImage.swift */; };
		527A1FE725292770002BADEE /* UIViewControllerExtention.swift in Sources */ = {isa = PBXBuildFile; fileRef = 527A1FE625292770002BADEE /* UIViewControllerExtention.swift */; };
		527A1FEA252983AD002BADEE /* ServiceManager.swift in Sources */ = {isa = PBXBuildFile; fileRef = 527A1FE9252983AD002BADEE /* ServiceManager.swift */; };
		52DE52B5252B7DE3008AA8C4 /* README.md in Resources */ = {isa = PBXBuildFile; fileRef = 52DE52B4252B7DE3008AA8C4 /* README.md */; };
		52DE5307252C0C4E008AA8C4 /* Provider.swift in Sources */ = {isa = PBXBuildFile; fileRef = 52DE5306252C0C4E008AA8C4 /* Provider.swift */; };
		52DE534E252D0496008AA8C4 /* SettingViewController.swift in Sources */ = {isa = PBXBuildFile; fileRef = 52DE534D252D0496008AA8C4 /* SettingViewController.swift */; };
		52DE5353252D07FE008AA8C4 /* ProviderTableViewCell.swift in Sources */ = {isa = PBXBuildFile; fileRef = 52DE5351252D07FE008AA8C4 /* ProviderTableViewCell.swift */; };
		52DE5354252D07FE008AA8C4 /* ProviderTableViewCell.xib in Resources */ = {isa = PBXBuildFile; fileRef = 52DE5352252D07FE008AA8C4 /* ProviderTableViewCell.xib */; };
/* End PBXBuildFile section */

/* Begin PBXFileReference section */
		5204F27725311DB800F97A6C /* SelectFilterViewController.swift */ = {isa = PBXFileReference; lastKnownFileType = sourcecode.swift; path = SelectFilterViewController.swift; sourceTree = "<group>"; };
		5204F27925311E0800F97A6C /* SelectFilterTableViewCell.swift */ = {isa = PBXFileReference; lastKnownFileType = sourcecode.swift; path = SelectFilterTableViewCell.swift; sourceTree = "<group>"; };
		5207699A2531E35B0058874E /* MyCollectionViewController.swift */ = {isa = PBXFileReference; lastKnownFileType = sourcecode.swift; path = MyCollectionViewController.swift; sourceTree = "<group>"; };
		5207699D2531E5470058874E /* MyCollectionViewCell.swift */ = {isa = PBXFileReference; lastKnownFileType = sourcecode.swift; path = MyCollectionViewCell.swift; sourceTree = "<group>"; };
		5207699E2531E5470058874E /* MyCollectionViewCell.xib */ = {isa = PBXFileReference; lastKnownFileType = file.xib; path = MyCollectionViewCell.xib; sourceTree = "<group>"; };
		520769A22531EA4F0058874E /* PhotoInfo.swift */ = {isa = PBXFileReference; lastKnownFileType = sourcecode.swift; path = PhotoInfo.swift; sourceTree = "<group>"; };
		522B72862527859100F7CC69 /* ImageFiltering.app */ = {isa = PBXFileReference; explicitFileType = wrapper.application; includeInIndex = 0; path = ImageFiltering.app; sourceTree = BUILT_PRODUCTS_DIR; };
		522B72892527859100F7CC69 /* AppDelegate.swift */ = {isa = PBXFileReference; lastKnownFileType = sourcecode.swift; path = AppDelegate.swift; sourceTree = "<group>"; };
		522B728B2527859100F7CC69 /* SceneDelegate.swift */ = {isa = PBXFileReference; lastKnownFileType = sourcecode.swift; path = SceneDelegate.swift; sourceTree = "<group>"; };
		522B728D2527859100F7CC69 /* ImageListViewController.swift */ = {isa = PBXFileReference; lastKnownFileType = sourcecode.swift; path = ImageListViewController.swift; sourceTree = "<group>"; };
		522B72902527859100F7CC69 /* Base */ = {isa = PBXFileReference; lastKnownFileType = file.storyboard; name = Base; path = Base.lproj/Main.storyboard; sourceTree = "<group>"; };
		522B72922527859500F7CC69 /* Assets.xcassets */ = {isa = PBXFileReference; lastKnownFileType = folder.assetcatalog; path = Assets.xcassets; sourceTree = "<group>"; };
		522B72952527859500F7CC69 /* Base */ = {isa = PBXFileReference; lastKnownFileType = file.storyboard; name = Base; path = Base.lproj/LaunchScreen.storyboard; sourceTree = "<group>"; };
		522B72972527859500F7CC69 /* Info.plist */ = {isa = PBXFileReference; lastKnownFileType = text.plist.xml; path = Info.plist; sourceTree = "<group>"; };
		522B72A625279D1E00F7CC69 /* ImageTableViewCell.swift */ = {isa = PBXFileReference; lastKnownFileType = sourcecode.swift; path = ImageTableViewCell.swift; sourceTree = "<group>"; };
		522B72A725279D1E00F7CC69 /* ImageTableViewCell.xib */ = {isa = PBXFileReference; lastKnownFileType = file.xib; path = ImageTableViewCell.xib; sourceTree = "<group>"; };
		522B72AA25279F3700F7CC69 /* Constants.swift */ = {isa = PBXFileReference; lastKnownFileType = sourcecode.swift; path = Constants.swift; sourceTree = "<group>"; };
		522B72AC2527A00F00F7CC69 /* PhotoDescription.swift */ = {isa = PBXFileReference; lastKnownFileType = sourcecode.swift; path = PhotoDescription.swift; sourceTree = "<group>"; };
		5241CA3A2532D61600B84F9A /* PhotoSearchTableViewCell.swift */ = {isa = PBXFileReference; lastKnownFileType = sourcecode.swift; path = PhotoSearchTableViewCell.swift; sourceTree = "<group>"; };
		5241CA3B2532D61600B84F9A /* PhotoSearchTableViewCell.xib */ = {isa = PBXFileReference; lastKnownFileType = file.xib; path = PhotoSearchTableViewCell.xib; sourceTree = "<group>"; };
		5241CA3F2532D65300B84F9A /* PhotoListViewController.swift */ = {isa = PBXFileReference; lastKnownFileType = sourcecode.swift; path = PhotoListViewController.swift; sourceTree = "<group>"; };
		5241CA422532D69E00B84F9A /* PendingOperations.swift */ = {isa = PBXFileReference; lastKnownFileType = sourcecode.swift; path = PendingOperations.swift; sourceTree = "<group>"; };
		5241CA4A2534075100B84F9A /* PhotoOperations.swift */ = {isa = PBXFileReference; lastKnownFileType = sourcecode.swift; path = PhotoOperations.swift; sourceTree = "<group>"; };
		5241CA4E25349E5800B84F9A /* ImportData.swift */ = {isa = PBXFileReference; lastKnownFileType = sourcecode.swift; path = ImportData.swift; sourceTree = "<group>"; };
		5241CA502534A53E00B84F9A /* DataUrls.txt */ = {isa = PBXFileReference; lastKnownFileType = text; path = DataUrls.txt; sourceTree = "<group>"; };
		5241CA8925351CB500B84F9A /* Helper.swift */ = {isa = PBXFileReference; lastKnownFileType = sourcecode.swift; path = Helper.swift; sourceTree = "<group>"; };
		5241CA912536A60400B84F9A /* UIImageViewExtension.swift */ = {isa = PBXFileReference; lastKnownFileType = sourcecode.swift; path = UIImageViewExtension.swift; sourceTree = "<group>"; };
		5241CA932536A9D000B84F9A /* UIImageExtension.swift */ = {isa = PBXFileReference; lastKnownFileType = sourcecode.swift; path = UIImageExtension.swift; sourceTree = "<group>"; };
		524CB07D252EE86100EFD4F5 /* FilterCollectionViewCell.swift */ = {isa = PBXFileReference; lastKnownFileType = sourcecode.swift; path = FilterCollectionViewCell.swift; sourceTree = "<group>"; };
		524CB07E252EE86100EFD4F5 /* FilterCollectionViewCell.xib */ = {isa = PBXFileReference; lastKnownFileType = file.xib; path = FilterCollectionViewCell.xib; sourceTree = "<group>"; };
		524CB081252EECB500EFD4F5 /* FilterPhotoViewController.swift */ = {isa = PBXFileReference; lastKnownFileType = sourcecode.swift; path = FilterPhotoViewController.swift; sourceTree = "<group>"; };
		524CB084252F73FC00EFD4F5 /* FilterImage.swift */ = {isa = PBXFileReference; lastKnownFileType = sourcecode.swift; path = FilterImage.swift; sourceTree = "<group>"; };
		527A1FE625292770002BADEE /* UIViewControllerExtention.swift */ = {isa = PBXFileReference; lastKnownFileType = sourcecode.swift; path = UIViewControllerExtention.swift; sourceTree = "<group>"; };
		527A1FE9252983AD002BADEE /* ServiceManager.swift */ = {isa = PBXFileReference; lastKnownFileType = sourcecode.swift; path = ServiceManager.swift; sourceTree = "<group>"; };
		52DE52B4252B7DE3008AA8C4 /* README.md */ = {isa = PBXFileReference; lastKnownFileType = net.daringfireball.markdown; path = README.md; sourceTree = "<group>"; };
		52DE5306252C0C4E008AA8C4 /* Provider.swift */ = {isa = PBXFileReference; lastKnownFileType = sourcecode.swift; path = Provider.swift; sourceTree = "<group>"; };
		52DE534D252D0496008AA8C4 /* SettingViewController.swift */ = {isa = PBXFileReference; lastKnownFileType = sourcecode.swift; path = SettingViewController.swift; sourceTree = "<group>"; };
		52DE5351252D07FE008AA8C4 /* ProviderTableViewCell.swift */ = {isa = PBXFileReference; lastKnownFileType = sourcecode.swift; path = ProviderTableViewCell.swift; sourceTree = "<group>"; };
		52DE5352252D07FE008AA8C4 /* ProviderTableViewCell.xib */ = {isa = PBXFileReference; lastKnownFileType = file.xib; path = ProviderTableViewCell.xib; sourceTree = "<group>"; };
/* End PBXFileReference section */

/* Begin PBXFrameworksBuildPhase section */
		522B72832527859100F7CC69 /* Frameworks */ = {
			isa = PBXFrameworksBuildPhase;
			buildActionMask = 2147483647;
			files = (
			);
			runOnlyForDeploymentPostprocessing = 0;
		};
/* End PBXFrameworksBuildPhase section */

/* Begin PBXGroup section */
		5204F27625311D8800F97A6C /* SelectFilterSettings */ = {
			isa = PBXGroup;
			children = (
				5207699425313F650058874E /* View */,
				5207699325313F560058874E /* Controller */,
			);
			path = SelectFilterSettings;
			sourceTree = "<group>";
		};
		5207699325313F560058874E /* Controller */ = {
			isa = PBXGroup;
			children = (
				5204F27725311DB800F97A6C /* SelectFilterViewController.swift */,
			);
			path = Controller;
			sourceTree = "<group>";
		};
		5207699425313F650058874E /* View */ = {
			isa = PBXGroup;
			children = (
				5204F27925311E0800F97A6C /* SelectFilterTableViewCell.swift */,
			);
			path = View;
			sourceTree = "<group>";
		};
		520769952531E2C80058874E /* MyCollection */ = {
			isa = PBXGroup;
			children = (
				520769A12531EA390058874E /* Model */,
				520769992531E30C0058874E /* View */,
				520769982531E2F40058874E /* Controller */,
			);
			path = MyCollection;
			sourceTree = "<group>";
		};
		520769982531E2F40058874E /* Controller */ = {
			isa = PBXGroup;
			children = (
				5207699A2531E35B0058874E /* MyCollectionViewController.swift */,
			);
			path = Controller;
			sourceTree = "<group>";
		};
		520769992531E30C0058874E /* View */ = {
			isa = PBXGroup;
			children = (
				5207699D2531E5470058874E /* MyCollectionViewCell.swift */,
				5207699E2531E5470058874E /* MyCollectionViewCell.xib */,
			);
			path = View;
			sourceTree = "<group>";
		};
		520769A12531EA390058874E /* Model */ = {
			isa = PBXGroup;
			children = (
				520769A22531EA4F0058874E /* PhotoInfo.swift */,
			);
			path = Model;
			sourceTree = "<group>";
		};
		522B727D2527859100F7CC69 = {
			isa = PBXGroup;
			children = (
				52DE52B4252B7DE3008AA8C4 /* README.md */,
				522B72882527859100F7CC69 /* ImageFiltering */,
				522B72872527859100F7CC69 /* Products */,
			);
			sourceTree = "<group>";
		};
		522B72872527859100F7CC69 /* Products */ = {
			isa = PBXGroup;
			children = (
				522B72862527859100F7CC69 /* ImageFiltering.app */,
			);
			name = Products;
			sourceTree = "<group>";
		};
		522B72882527859100F7CC69 /* ImageFiltering */ = {
			isa = PBXGroup;
			children = (
				5241CA8825351C9F00B84F9A /* Helper */,
				5241CA4C25349DF400B84F9A /* DataBase */,
				524CB087252F8E1800EFD4F5 /* Screens */,
				527A1FF2252AEB41002BADEE /* Constans */,
				527A1FE825298380002BADEE /* Network Layer */,
				527A1FE52529273D002BADEE /* Extensions */,
				522B72A02527864C00F7CC69 /* Storyboard */,
				522B729F252785E100F7CC69 /* Support Files */,
				522B72922527859500F7CC69 /* Assets.xcassets */,
			);
			path = ImageFiltering;
			sourceTree = "<group>";
		};
		522B729D252785B800F7CC69 /* Controller */ = {
			isa = PBXGroup;
			children = (
				522B728D2527859100F7CC69 /* ImageListViewController.swift */,
			);
			path = Controller;
			sourceTree = "<group>";
		};
		522B729E252785C400F7CC69 /* View */ = {
			isa = PBXGroup;
			children = (
				522B72A625279D1E00F7CC69 /* ImageTableViewCell.swift */,
				522B72A725279D1E00F7CC69 /* ImageTableViewCell.xib */,
			);
			path = View;
			sourceTree = "<group>";
		};
		522B729F252785E100F7CC69 /* Support Files */ = {
			isa = PBXGroup;
			children = (
				522B72972527859500F7CC69 /* Info.plist */,
				522B728B2527859100F7CC69 /* SceneDelegate.swift */,
				522B72892527859100F7CC69 /* AppDelegate.swift */,
			);
			path = "Support Files";
			sourceTree = "<group>";
		};
		522B72A02527864C00F7CC69 /* Storyboard */ = {
			isa = PBXGroup;
			children = (
				522B72942527859500F7CC69 /* LaunchScreen.storyboard */,
				522B728F2527859100F7CC69 /* Main.storyboard */,
			);
			path = Storyboard;
			sourceTree = "<group>";
		};
		522B72A12527869F00F7CC69 /* ImageFilteingWithGCD */ = {
			isa = PBXGroup;
			children = (
				520769952531E2C80058874E /* MyCollection */,
				5204F27625311D8800F97A6C /* SelectFilterSettings */,
				524CB07A252EE7E900EFD4F5 /* ApplyFilter */,
				52DE534C252D042E008AA8C4 /* Settings */,
				522B72AE2528178900F7CC69 /* ImageSearch */,
			);
			path = ImageFilteingWithGCD;
			sourceTree = "<group>";
		};
		522B72A2252786C700F7CC69 /* Model */ = {
			isa = PBXGroup;
			children = (
				522B72AC2527A00F00F7CC69 /* PhotoDescription.swift */,
				52DE5306252C0C4E008AA8C4 /* Provider.swift */,
			);
			path = Model;
			sourceTree = "<group>";
		};
		522B72AE2528178900F7CC69 /* ImageSearch */ = {
			isa = PBXGroup;
			children = (
				522B729D252785B800F7CC69 /* Controller */,
				522B729E252785C400F7CC69 /* View */,
				522B72A2252786C700F7CC69 /* Model */,
			);
			path = ImageSearch;
			sourceTree = "<group>";
		};
		5241CA382532D3BF00B84F9A /* ImageFilteringWithOperations */ = {
			isa = PBXGroup;
			children = (
				5241CA412532D66000B84F9A /* Model */,
				5241CA3E2532D61C00B84F9A /* View */,
				5241CA392532D5D300B84F9A /* Controller */,
			);
			path = ImageFilteringWithOperations;
			sourceTree = "<group>";
		};
		5241CA392532D5D300B84F9A /* Controller */ = {
			isa = PBXGroup;
			children = (
				5241CA3F2532D65300B84F9A /* PhotoListViewController.swift */,
			);
			path = Controller;
			sourceTree = "<group>";
		};
		5241CA3E2532D61C00B84F9A /* View */ = {
			isa = PBXGroup;
			children = (
				5241CA3B2532D61600B84F9A /* PhotoSearchTableViewCell.xib */,
				5241CA3A2532D61600B84F9A /* PhotoSearchTableViewCell.swift */,
			);
			path = View;
			sourceTree = "<group>";
		};
		5241CA412532D66000B84F9A /* Model */ = {
			isa = PBXGroup;
			children = (
				5241CA422532D69E00B84F9A /* PendingOperations.swift */,
				5241CA4A2534075100B84F9A /* PhotoOperations.swift */,
			);
			path = Model;
			sourceTree = "<group>";
		};
		5241CA4C25349DF400B84F9A /* DataBase */ = {
			isa = PBXGroup;
			children = (
				5241CA4E25349E5800B84F9A /* ImportData.swift */,
				5241CA502534A53E00B84F9A /* DataUrls.txt */,
			);
			path = DataBase;
			sourceTree = "<group>";
		};
		5241CA8825351C9F00B84F9A /* Helper */ = {
			isa = PBXGroup;
			children = (
				5241CA8925351CB500B84F9A /* Helper.swift */,
			);
			path = Helper;
			sourceTree = "<group>";
		};
		524CB07A252EE7E900EFD4F5 /* ApplyFilter */ = {
			isa = PBXGroup;
			children = (
				524CB083252F73D400EFD4F5 /* Model */,
				524CB07C252EE82400EFD4F5 /* View */,
				524CB07B252EE81400EFD4F5 /* Controller */,
			);
			path = ApplyFilter;
			sourceTree = "<group>";
		};
		524CB07B252EE81400EFD4F5 /* Controller */ = {
			isa = PBXGroup;
			children = (
				524CB081252EECB500EFD4F5 /* FilterPhotoViewController.swift */,
			);
			path = Controller;
			sourceTree = "<group>";
		};
		524CB07C252EE82400EFD4F5 /* View */ = {
			isa = PBXGroup;
			children = (
				524CB07D252EE86100EFD4F5 /* FilterCollectionViewCell.swift */,
				524CB07E252EE86100EFD4F5 /* FilterCollectionViewCell.xib */,
			);
			path = View;
			sourceTree = "<group>";
		};
		524CB083252F73D400EFD4F5 /* Model */ = {
			isa = PBXGroup;
			children = (
				524CB084252F73FC00EFD4F5 /* FilterImage.swift */,
			);
			path = Model;
			sourceTree = "<group>";
		};
		524CB087252F8E1800EFD4F5 /* Screens */ = {
			isa = PBXGroup;
			children = (
				5241CA382532D3BF00B84F9A /* ImageFilteringWithOperations */,
				522B72A12527869F00F7CC69 /* ImageFilteingWithGCD */,
			);
			path = Screens;
			sourceTree = "<group>";
		};
		527A1FE52529273D002BADEE /* Extensions */ = {
			isa = PBXGroup;
			children = (
				527A1FE625292770002BADEE /* UIViewControllerExtention.swift */,
				5241CA912536A60400B84F9A /* UIImageViewExtension.swift */,
				5241CA932536A9D000B84F9A /* UIImageExtension.swift */,
			);
			path = Extensions;
			sourceTree = "<group>";
		};
		527A1FE825298380002BADEE /* Network Layer */ = {
			isa = PBXGroup;
			children = (
				527A1FE9252983AD002BADEE /* ServiceManager.swift */,
			);
			path = "Network Layer";
			sourceTree = "<group>";
		};
		527A1FF2252AEB41002BADEE /* Constans */ = {
			isa = PBXGroup;
			children = (
				522B72AA25279F3700F7CC69 /* Constants.swift */,
			);
			path = Constans;
			sourceTree = "<group>";
		};
		52DE534C252D042E008AA8C4 /* Settings */ = {
			isa = PBXGroup;
			children = (
				52DE5350252D07C7008AA8C4 /* View */,
				52DE534F252D049D008AA8C4 /* Controller */,
			);
			path = Settings;
			sourceTree = "<group>";
		};
		52DE534F252D049D008AA8C4 /* Controller */ = {
			isa = PBXGroup;
			children = (
				52DE534D252D0496008AA8C4 /* SettingViewController.swift */,
			);
			path = Controller;
			sourceTree = "<group>";
		};
		52DE5350252D07C7008AA8C4 /* View */ = {
			isa = PBXGroup;
			children = (
				52DE5351252D07FE008AA8C4 /* ProviderTableViewCell.swift */,
				52DE5352252D07FE008AA8C4 /* ProviderTableViewCell.xib */,
			);
			path = View;
			sourceTree = "<group>";
		};
/* End PBXGroup section */

/* Begin PBXNativeTarget section */
		522B72852527859100F7CC69 /* ImageFiltering */ = {
			isa = PBXNativeTarget;
			buildConfigurationList = 522B729A2527859500F7CC69 /* Build configuration list for PBXNativeTarget "ImageFiltering" */;
			buildPhases = (
				522B72822527859100F7CC69 /* Sources */,
				522B72832527859100F7CC69 /* Frameworks */,
				522B72842527859100F7CC69 /* Resources */,
				522B72A52527950500F7CC69 /* ShellScript */,
			);
			buildRules = (
			);
			dependencies = (
			);
			name = ImageFiltering;
			productName = ImageFiltering;
			productReference = 522B72862527859100F7CC69 /* ImageFiltering.app */;
			productType = "com.apple.product-type.application";
		};
/* End PBXNativeTarget section */

/* Begin PBXProject section */
		522B727E2527859100F7CC69 /* Project object */ = {
			isa = PBXProject;
			attributes = {
				LastSwiftUpdateCheck = 1170;
				LastUpgradeCheck = 1170;
				ORGANIZATIONNAME = Milton;
				TargetAttributes = {
					522B72852527859100F7CC69 = {
						CreatedOnToolsVersion = 11.7;
					};
				};
			};
			buildConfigurationList = 522B72812527859100F7CC69 /* Build configuration list for PBXProject "ImageFiltering" */;
			compatibilityVersion = "Xcode 9.3";
			developmentRegion = en;
			hasScannedForEncodings = 0;
			knownRegions = (
				en,
				Base,
			);
			mainGroup = 522B727D2527859100F7CC69;
			productRefGroup = 522B72872527859100F7CC69 /* Products */;
			projectDirPath = "";
			projectRoot = "";
			targets = (
				522B72852527859100F7CC69 /* ImageFiltering */,
			);
		};
/* End PBXProject section */

/* Begin PBXResourcesBuildPhase section */
		522B72842527859100F7CC69 /* Resources */ = {
			isa = PBXResourcesBuildPhase;
			buildActionMask = 2147483647;
			files = (
				52DE52B5252B7DE3008AA8C4 /* README.md in Resources */,
				522B72962527859500F7CC69 /* LaunchScreen.storyboard in Resources */,
				5241CA3D2532D61600B84F9A /* PhotoSearchTableViewCell.xib in Resources */,
				522B72A925279D1E00F7CC69 /* ImageTableViewCell.xib in Resources */,
				524CB080252EE86100EFD4F5 /* FilterCollectionViewCell.xib in Resources */,
				522B72932527859500F7CC69 /* Assets.xcassets in Resources */,
				52DE5354252D07FE008AA8C4 /* ProviderTableViewCell.xib in Resources */,
				520769A02531E5470058874E /* MyCollectionViewCell.xib in Resources */,
				5241CA512534A53E00B84F9A /* DataUrls.txt in Resources */,
				522B72912527859100F7CC69 /* Main.storyboard in Resources */,
			);
			runOnlyForDeploymentPostprocessing = 0;
		};
/* End PBXResourcesBuildPhase section */

/* Begin PBXShellScriptBuildPhase section */
		522B72A52527950500F7CC69 /* ShellScript */ = {
			isa = PBXShellScriptBuildPhase;
			buildActionMask = 12;
			files = (
			);
			inputFileListPaths = (
			);
			inputPaths = (
			);
			outputFileListPaths = (
			);
			outputPaths = (
			);
			runOnlyForDeploymentPostprocessing = 0;
			shellPath = /bin/sh;
			shellScript = "# Type a script or drag a script file from your workspace to insert its path.\nif which swiftlint >/dev/null; then\n swiftlint\n else\n  echo \"error: SwiftLint not installed, download from https://github.com/realm/SwiftLint\"\n  exit 1\nfi\n";
		};
/* End PBXShellScriptBuildPhase section */

/* Begin PBXSourcesBuildPhase section */
		522B72822527859100F7CC69 /* Sources */ = {
			isa = PBXSourcesBuildPhase;
			buildActionMask = 2147483647;
			files = (
				527A1FE725292770002BADEE /* UIViewControllerExtention.swift in Sources */,
				522B72AB25279F3700F7CC69 /* Constants.swift in Sources */,
				5207699B2531E35B0058874E /* MyCollectionViewController.swift in Sources */,
				52DE5307252C0C4E008AA8C4 /* Provider.swift in Sources */,
				522B728E2527859100F7CC69 /* ImageListViewController.swift in Sources */,
				5241CA942536A9D000B84F9A /* UIImageExtension.swift in Sources */,
				5204F27825311DB800F97A6C /* SelectFilterViewController.swift in Sources */,
				522B72AD2527A00F00F7CC69 /* PhotoDescription.swift in Sources */,
				5207699F2531E5470058874E /* MyCollectionViewCell.swift in Sources */,
				52DE534E252D0496008AA8C4 /* SettingViewController.swift in Sources */,
				524CB082252EECB500EFD4F5 /* FilterPhotoViewController.swift in Sources */,
				522B72A825279D1E00F7CC69 /* ImageTableViewCell.swift in Sources */,
				5241CA402532D65300B84F9A /* PhotoListViewController.swift in Sources */,
				524CB07F252EE86100EFD4F5 /* FilterCollectionViewCell.swift in Sources */,
				5241CA3C2532D61600B84F9A /* PhotoSearchTableViewCell.swift in Sources */,
				5241CA4B2534075100B84F9A /* PhotoOperations.swift in Sources */,
				52DE5353252D07FE008AA8C4 /* ProviderTableViewCell.swift in Sources */,
				5241CA4F25349E5800B84F9A /* ImportData.swift in Sources */,
				522B728A2527859100F7CC69 /* AppDelegate.swift in Sources */,
				522B728C2527859100F7CC69 /* SceneDelegate.swift in Sources */,
				520769A32531EA4F0058874E /* PhotoInfo.swift in Sources */,
				5204F27A25311E0800F97A6C /* SelectFilterTableViewCell.swift in Sources */,
				524CB085252F73FC00EFD4F5 /* FilterImage.swift in Sources */,
				5241CA8A25351CB500B84F9A /* Helper.swift in Sources */,
				527A1FEA252983AD002BADEE /* ServiceManager.swift in Sources */,
				5241CA922536A60400B84F9A /* UIImageViewExtension.swift in Sources */,
				5241CA432532D69E00B84F9A /* PendingOperations.swift in Sources */,
			);
			runOnlyForDeploymentPostprocessing = 0;
		};
/* End PBXSourcesBuildPhase section */

/* Begin PBXVariantGroup section */
		522B728F2527859100F7CC69 /* Main.storyboard */ = {
			isa = PBXVariantGroup;
			children = (
				522B72902527859100F7CC69 /* Base */,
			);
			name = Main.storyboard;
			sourceTree = "<group>";
		};
		522B72942527859500F7CC69 /* LaunchScreen.storyboard */ = {
			isa = PBXVariantGroup;
			children = (
				522B72952527859500F7CC69 /* Base */,
			);
			name = LaunchScreen.storyboard;
			sourceTree = "<group>";
		};
/* End PBXVariantGroup section */

/* Begin XCBuildConfiguration section */
		522B72982527859500F7CC69 /* Debug */ = {
			isa = XCBuildConfiguration;
			buildSettings = {
				ALWAYS_SEARCH_USER_PATHS = NO;
				CLANG_ANALYZER_NONNULL = YES;
				CLANG_ANALYZER_NUMBER_OBJECT_CONVERSION = YES_AGGRESSIVE;
				CLANG_CXX_LANGUAGE_STANDARD = "gnu++14";
				CLANG_CXX_LIBRARY = "libc++";
				CLANG_ENABLE_MODULES = YES;
				CLANG_ENABLE_OBJC_ARC = YES;
				CLANG_ENABLE_OBJC_WEAK = YES;
				CLANG_WARN_BLOCK_CAPTURE_AUTORELEASING = YES;
				CLANG_WARN_BOOL_CONVERSION = YES;
				CLANG_WARN_COMMA = YES;
				CLANG_WARN_CONSTANT_CONVERSION = YES;
				CLANG_WARN_DEPRECATED_OBJC_IMPLEMENTATIONS = YES;
				CLANG_WARN_DIRECT_OBJC_ISA_USAGE = YES_ERROR;
				CLANG_WARN_DOCUMENTATION_COMMENTS = YES;
				CLANG_WARN_EMPTY_BODY = YES;
				CLANG_WARN_ENUM_CONVERSION = YES;
				CLANG_WARN_INFINITE_RECURSION = YES;
				CLANG_WARN_INT_CONVERSION = YES;
				CLANG_WARN_NON_LITERAL_NULL_CONVERSION = YES;
				CLANG_WARN_OBJC_IMPLICIT_RETAIN_SELF = YES;
				CLANG_WARN_OBJC_LITERAL_CONVERSION = YES;
				CLANG_WARN_OBJC_ROOT_CLASS = YES_ERROR;
				CLANG_WARN_RANGE_LOOP_ANALYSIS = YES;
				CLANG_WARN_STRICT_PROTOTYPES = YES;
				CLANG_WARN_SUSPICIOUS_MOVE = YES;
				CLANG_WARN_UNGUARDED_AVAILABILITY = YES_AGGRESSIVE;
				CLANG_WARN_UNREACHABLE_CODE = YES;
				CLANG_WARN__DUPLICATE_METHOD_MATCH = YES;
				COPY_PHASE_STRIP = NO;
				DEBUG_INFORMATION_FORMAT = dwarf;
				ENABLE_STRICT_OBJC_MSGSEND = YES;
				ENABLE_TESTABILITY = YES;
				GCC_C_LANGUAGE_STANDARD = gnu11;
				GCC_DYNAMIC_NO_PIC = NO;
				GCC_NO_COMMON_BLOCKS = YES;
				GCC_OPTIMIZATION_LEVEL = 0;
				GCC_PREPROCESSOR_DEFINITIONS = (
					"DEBUG=1",
					"$(inherited)",
				);
				GCC_WARN_64_TO_32_BIT_CONVERSION = YES;
				GCC_WARN_ABOUT_RETURN_TYPE = YES_ERROR;
				GCC_WARN_UNDECLARED_SELECTOR = YES;
				GCC_WARN_UNINITIALIZED_AUTOS = YES_AGGRESSIVE;
				GCC_WARN_UNUSED_FUNCTION = YES;
				GCC_WARN_UNUSED_VARIABLE = YES;
				IPHONEOS_DEPLOYMENT_TARGET = 13.7;
				MTL_ENABLE_DEBUG_INFO = INCLUDE_SOURCE;
				MTL_FAST_MATH = YES;
				ONLY_ACTIVE_ARCH = YES;
				SDKROOT = iphoneos;
				SWIFT_ACTIVE_COMPILATION_CONDITIONS = DEBUG;
				SWIFT_OPTIMIZATION_LEVEL = "-Onone";
			};
			name = Debug;
		};
		522B72992527859500F7CC69 /* Release */ = {
			isa = XCBuildConfiguration;
			buildSettings = {
				ALWAYS_SEARCH_USER_PATHS = NO;
				CLANG_ANALYZER_NONNULL = YES;
				CLANG_ANALYZER_NUMBER_OBJECT_CONVERSION = YES_AGGRESSIVE;
				CLANG_CXX_LANGUAGE_STANDARD = "gnu++14";
				CLANG_CXX_LIBRARY = "libc++";
				CLANG_ENABLE_MODULES = YES;
				CLANG_ENABLE_OBJC_ARC = YES;
				CLANG_ENABLE_OBJC_WEAK = YES;
				CLANG_WARN_BLOCK_CAPTURE_AUTORELEASING = YES;
				CLANG_WARN_BOOL_CONVERSION = YES;
				CLANG_WARN_COMMA = YES;
				CLANG_WARN_CONSTANT_CONVERSION = YES;
				CLANG_WARN_DEPRECATED_OBJC_IMPLEMENTATIONS = YES;
				CLANG_WARN_DIRECT_OBJC_ISA_USAGE = YES_ERROR;
				CLANG_WARN_DOCUMENTATION_COMMENTS = YES;
				CLANG_WARN_EMPTY_BODY = YES;
				CLANG_WARN_ENUM_CONVERSION = YES;
				CLANG_WARN_INFINITE_RECURSION = YES;
				CLANG_WARN_INT_CONVERSION = YES;
				CLANG_WARN_NON_LITERAL_NULL_CONVERSION = YES;
				CLANG_WARN_OBJC_IMPLICIT_RETAIN_SELF = YES;
				CLANG_WARN_OBJC_LITERAL_CONVERSION = YES;
				CLANG_WARN_OBJC_ROOT_CLASS = YES_ERROR;
				CLANG_WARN_RANGE_LOOP_ANALYSIS = YES;
				CLANG_WARN_STRICT_PROTOTYPES = YES;
				CLANG_WARN_SUSPICIOUS_MOVE = YES;
				CLANG_WARN_UNGUARDED_AVAILABILITY = YES_AGGRESSIVE;
				CLANG_WARN_UNREACHABLE_CODE = YES;
				CLANG_WARN__DUPLICATE_METHOD_MATCH = YES;
				COPY_PHASE_STRIP = NO;
				DEBUG_INFORMATION_FORMAT = "dwarf-with-dsym";
				ENABLE_NS_ASSERTIONS = NO;
				ENABLE_STRICT_OBJC_MSGSEND = YES;
				GCC_C_LANGUAGE_STANDARD = gnu11;
				GCC_NO_COMMON_BLOCKS = YES;
				GCC_WARN_64_TO_32_BIT_CONVERSION = YES;
				GCC_WARN_ABOUT_RETURN_TYPE = YES_ERROR;
				GCC_WARN_UNDECLARED_SELECTOR = YES;
				GCC_WARN_UNINITIALIZED_AUTOS = YES_AGGRESSIVE;
				GCC_WARN_UNUSED_FUNCTION = YES;
				GCC_WARN_UNUSED_VARIABLE = YES;
				IPHONEOS_DEPLOYMENT_TARGET = 13.7;
				MTL_ENABLE_DEBUG_INFO = NO;
				MTL_FAST_MATH = YES;
				SDKROOT = iphoneos;
				SWIFT_COMPILATION_MODE = wholemodule;
				SWIFT_OPTIMIZATION_LEVEL = "-O";
				VALIDATE_PRODUCT = YES;
			};
			name = Release;
		};
		522B729B2527859500F7CC69 /* Debug */ = {
			isa = XCBuildConfiguration;
			buildSettings = {
				ASSETCATALOG_COMPILER_APPICON_NAME = AppIcon;
				CODE_SIGN_STYLE = Automatic;
				INFOPLIST_FILE = "ImageFiltering/Support Files/Info.plist";
				LD_RUNPATH_SEARCH_PATHS = (
					"$(inherited)",
					"@executable_path/Frameworks",
				);
				PRODUCT_BUNDLE_IDENTIFIER = com.MiltonPalaguachi.ImageFiltering;
				PRODUCT_NAME = "$(TARGET_NAME)";
				SWIFT_VERSION = 5.0;
				TARGETED_DEVICE_FAMILY = "1,2";
			};
			name = Debug;
		};
		522B729C2527859500F7CC69 /* Release */ = {
			isa = XCBuildConfiguration;
			buildSettings = {
				ASSETCATALOG_COMPILER_APPICON_NAME = AppIcon;
				CODE_SIGN_STYLE = Automatic;
				INFOPLIST_FILE = "ImageFiltering/Support Files/Info.plist";
				LD_RUNPATH_SEARCH_PATHS = (
					"$(inherited)",
					"@executable_path/Frameworks",
				);
				PRODUCT_BUNDLE_IDENTIFIER = com.MiltonPalaguachi.ImageFiltering;
				PRODUCT_NAME = "$(TARGET_NAME)";
				SWIFT_VERSION = 5.0;
				TARGETED_DEVICE_FAMILY = "1,2";
			};
			name = Release;
		};
/* End XCBuildConfiguration section */

/* Begin XCConfigurationList section */
		522B72812527859100F7CC69 /* Build configuration list for PBXProject "ImageFiltering" */ = {
			isa = XCConfigurationList;
			buildConfigurations = (
				522B72982527859500F7CC69 /* Debug */,
				522B72992527859500F7CC69 /* Release */,
			);
			defaultConfigurationIsVisible = 0;
			defaultConfigurationName = Release;
		};
		522B729A2527859500F7CC69 /* Build configuration list for PBXNativeTarget "ImageFiltering" */ = {
			isa = XCConfigurationList;
			buildConfigurations = (
				522B729B2527859500F7CC69 /* Debug */,
				522B729C2527859500F7CC69 /* Release */,
			);
			defaultConfigurationIsVisible = 0;
			defaultConfigurationName = Release;
		};
/* End XCConfigurationList section */
	};
	rootObject = 522B727E2527859100F7CC69 /* Project object */;
}
